
Microsoft Visual Studio Solution File, Format Version 12.00
# Visual Studio Version 16
VisualStudioVersion = 25.0.1700.0
MinimumVisualStudioVersion = 10.0.40219.1
Project("{FAE04EC0-301F-11D3-BF4B-00C04F79EFBC}") = "DapperTutorial.Presentation", "DapperTutorial.Presentation\DapperTutorial.Presentation.csproj", "{B4EC8F2D-C4D8-40EE-BB08-3260CCDC12CE}"
EndProject
Project("{FAE04EC0-301F-11D3-BF4B-00C04F79EFBC}") = "DapperTutorial.Core", "DapperTutorial.Core\DapperTutorial.Core.csproj", "{5E1E4E75-5BA2-44FF-A60A-EE5911A2D35C}"
EndProject
Project("{FAE04EC0-301F-11D3-BF4B-00C04F79EFBC}") = "DapperTutorial.Infrastructure", "DapperTutorial.Infrastructure\DapperTutorial.Infrastructure.csproj", "{69B206A6-71F3-4969-B8C4-B9A38D982978}"
EndProject
Global
	GlobalSection(SolutionConfigurationPlatforms) = preSolution
		Debug|Any CPU = Debug|Any CPU
		Release|Any CPU = Release|Any CPU
	EndGlobalSection
	GlobalSection(ProjectConfigurationPlatforms) = postSolution
		{B4EC8F2D-C4D8-40EE-BB08-3260CCDC12CE}.Debug|Any CPU.ActiveCfg = Debug|Any CPU
		{B4EC8F2D-C4D8-40EE-BB08-3260CCDC12CE}.Debug|Any CPU.Build.0 = Debug|Any CPU
		{B4EC8F2D-C4D8-40EE-BB08-3260CCDC12CE}.Release|Any CPU.ActiveCfg = Release|Any CPU
		{B4EC8F2D-C4D8-40EE-BB08-3260CCDC12CE}.Release|Any CPU.Build.0 = Release|Any CPU
		{5E1E4E75-5BA2-44FF-A60A-EE5911A2D35C}.Debug|Any CPU.ActiveCfg = Debug|Any CPU
		{5E1E4E75-5BA2-44FF-A60A-EE5911A2D35C}.Debug|Any CPU.Build.0 = Debug|Any CPU
		{5E1E4E75-5BA2-44FF-A60A-EE5911A2D35C}.Release|Any CPU.ActiveCfg = Release|Any CPU
		{5E1E4E75-5BA2-44FF-A60A-EE5911A2D35C}.Release|Any CPU.Build.0 = Release|Any CPU
		{69B206A6-71F3-4969-B8C4-B9A38D982978}.Debug|Any CPU.ActiveCfg = Debug|Any CPU
		{69B206A6-71F3-4969-B8C4-B9A38D982978}.Debug|Any CPU.Build.0 = Debug|Any CPU
		{69B206A6-71F3-4969-B8C4-B9A38D982978}.Release|Any CPU.ActiveCfg = Release|Any CPU
		{69B206A6-71F3-4969-B8C4-B9A38D982978}.Release|Any CPU.Build.0 = Release|Any CPU
	EndGlobalSection
	GlobalSection(SolutionProperties) = preSolution
		HideSolutionNode = FALSE
	EndGlobalSection
	GlobalSection(ExtensibilityGlobals) = postSolution
		SolutionGuid = {6773776E-FEA8-49DF-AF0D-FE7937A689B3}
	EndGlobalSection
EndGlobal
